
Microsoft Visual Studio Solution File, Format Version 12.00
# Visual Studio Version 17
VisualStudioVersion = 17.3.32929.385
MinimumVisualStudioVersion = 10.0.40219.1
Project("{9A19103F-16F7-4668-BE54-9A1E7A4F7556}") = "KeyManager", "KeyManager\KeyManager.csproj", "{12FB89A0-8374-4A28-B0FA-DF85060860AD}"
EndProject
Project("{9A19103F-16F7-4668-BE54-9A1E7A4F7556}") = "KeyManager.Library", "KeyManager.Library\KeyManager.Library.csproj", "{DC65E52C-5632-4D21-8E4D-9439AEE71FEE}"
EndProject
Project("{2150E333-8FDC-42A3-9474-1A3956D46DE8}") = "KeyStore", "KeyStore", "{E13D01DB-9ADA-4C08-BD35-BE0D1D071896}"
EndProject
Project("{9A19103F-16F7-4668-BE54-9A1E7A4F7556}") = "KeyManager.Library.KeyStore.Memory", "KeyManager.Library.KeyStore.Memory\KeyManager.Library.KeyStore.Memory.csproj", "{55F25426-4305-4E2B-8664-7A9C6F3D5FFE}"
EndProject
Project("{9A19103F-16F7-4668-BE54-9A1E7A4F7556}") = "KeyManager.Library.KeyStore.File", "KeyManager.Library.KeyStore.File\KeyManager.Library.KeyStore.File.csproj", "{FBF88D78-8165-4F4C-9CD2-0873F4E6A54B}"
EndProject
Project("{9A19103F-16F7-4668-BE54-9A1E7A4F7556}") = "KeyManager.Library.KeyStore.NXP_SAM", "KeyManager.Library.KeyStore.NXP_SAM\KeyManager.Library.KeyStore.NXP_SAM.csproj", "{3B4E90DE-1671-4654-B4B8-A25B8CB00F24}"
EndProject
Project("{9A19103F-16F7-4668-BE54-9A1E7A4F7556}") = "KeyManager.Library.UI", "KeyManager.Library.UI\KeyManager.Library.UI.csproj", "{15123309-8695-4D44-857D-F9C6E44296B0}"
EndProject
Project("{9A19103F-16F7-4668-BE54-9A1E7A4F7556}") = "KeyManager.Library.KeyStore.File.UI", "KeyManager.Library.KeyStore.File.UI\KeyManager.Library.KeyStore.File.UI.csproj", "{D9863530-C6F3-4479-AF94-A435C43AD066}"
EndProject
Project("{9A19103F-16F7-4668-BE54-9A1E7A4F7556}") = "KeyManager.Library.KeyStore.Memory.UI", "KeyManager.Library.KeyStore.Memory.UI\KeyManager.Library.KeyStore.Memory.UI.csproj", "{364909BB-18CE-45DA-B4C8-60DF98FCBFC9}"
EndProject
Project("{9A19103F-16F7-4668-BE54-9A1E7A4F7556}") = "KeyManager.Library.KeyStore.NXP_SAM.UI", "KeyManager.Library.KeyStore.NXP_SAM.UI\KeyManager.Library.KeyStore.NXP_SAM.UI.csproj", "{2E826BDF-4186-4725-9380-9AD18E4BB5F8}"
EndProject
Project("{9A19103F-16F7-4668-BE54-9A1E7A4F7556}") = "KeyManager.Library.KeyStore.HSM_PKCS11", "KeyManager.Library.KeyStore.HSM_PKCS11\KeyManager.Library.KeyStore.HSM_PKCS11.csproj", "{AFB28B07-2FBE-4C6C-809C-1FC51AA18905}"
EndProject
Project("{9A19103F-16F7-4668-BE54-9A1E7A4F7556}") = "KeyManager.Library.KeyStore.HSM_PKCS11.UI", "KeyManager.Library.KeyStore.HSM_PKCS11.UI\KeyManager.Library.KeyStore.HSM_PKCS11.UI.csproj", "{AD05527B-B52D-41C9-A5A8-983516AAC84E}"
EndProject
Project("{9A19103F-16F7-4668-BE54-9A1E7A4F7556}") = "KeyManager.Library.KeyStore.CNG", "KeyManager.Library.KeyStore.CNG\KeyManager.Library.KeyStore.CNG.csproj", "{4B533356-058A-48BB-ACFF-4873677B87A3}"
EndProject
Project("{9A19103F-16F7-4668-BE54-9A1E7A4F7556}") = "KeyManager.Library.KeyStore.CNG.UI", "KeyManager.Library.KeyStore.CNG.UI\KeyManager.Library.KeyStore.CNG.UI.csproj", "{B0C68605-FDDE-46AA-8621-EEC4BD96967B}"
EndProject
Project("{9A19103F-16F7-4668-BE54-9A1E7A4F7556}") = "KeyManager.Library.Tests", "KeyManager.Library.Tests\KeyManager.Library.Tests.csproj", "{0A32D255-4377-4427-8571-A88D451048BB}"
EndProject
Project("{B7DD6F7E-DEF8-4E67-B5B7-07EF123DB6F0}") = "KeyManager.Setup", "KeyManager.Setup\KeyManager.Setup.wixproj", "{6D7024D4-F698-4C90-98FE-A3E609D7014F}"
EndProject
Project("{9A19103F-16F7-4668-BE54-9A1E7A4F7556}") = "KeyManager.Library.Plugin", "KeyManager.Library.Plugin\KeyManager.Library.Plugin.csproj", "{84717A14-9BF0-4BA5-9EA7-2232EEE3C794}"
EndProject
Project("{9A19103F-16F7-4668-BE54-9A1E7A4F7556}") = "KeyManager.Library.Plugin.UI", "KeyManager.Library.Plugin.UI\KeyManager.Library.Plugin.UI.csproj", "{DA74A075-D143-43FE-A977-EDDBD3741F26}"
EndProject
Project("{9A19103F-16F7-4668-BE54-9A1E7A4F7556}") = "KeyManager.Library.KeyStore.LCP", "KeyManager.Library.KeyStore.LCP\KeyManager.Library.KeyStore.LCP.csproj", "{B5738CC1-8AD1-4744-B6F0-7D292A0918F5}"
EndProject
Project("{9A19103F-16F7-4668-BE54-9A1E7A4F7556}") = "KeyManager.Library.KeyStore.LCP.UI", "KeyManager.Library.KeyStore.LCP.UI\KeyManager.Library.KeyStore.LCP.UI.csproj", "{F41FA968-E867-4681-87A6-08F1D6F395E8}"
EndProject
Project("{2150E333-8FDC-42A3-9474-1A3956D46DE8}") = "Tests", "Tests", "{B0AC74E9-CFE3-43F5-A798-E851FAF21B83}"
EndProject
Project("{9A19103F-16F7-4668-BE54-9A1E7A4F7556}") = "KeyManager.Library.KeyStore.NXP_SAM.Tests", "KeyManager.Library.KeyStore.NXP_SAM.Tests\KeyManager.Library.KeyStore.NXP_SAM.Tests.csproj", "{20065C3D-F98E-4234-B835-19BD67DC60D9}"
EndProject
Project("{9A19103F-16F7-4668-BE54-9A1E7A4F7556}") = "KeyManager.Library.KeyGen", "KeyManager.Library.KeyGen\KeyManager.Library.KeyGen.csproj", "{90FF7DA3-1C19-42E8-A576-FF0FF8CCFF83}"
EndProject
Project("{9A19103F-16F7-4668-BE54-9A1E7A4F7556}") = "KeyManager.Library.KeyStore.SAM_SE", "KeyManager.Library.KeyStore.SAM_SE\KeyManager.Library.KeyStore.SAM_SE.csproj", "{1B794F2B-ECBD-4E65-8E38-8396F5A68368}"
EndProject
Project("{9A19103F-16F7-4668-BE54-9A1E7A4F7556}") = "KeyManager.Library.KeyStore.SAM_SE.UI", "KeyManager.Library.KeyStore.SAM_SE.UI\KeyManager.Library.KeyStore.SAM_SE.UI.csproj", "{A27AD446-A9D9-42F2-B731-E7EFCC7A5CD1}"
EndProject
Global
	GlobalSection(SolutionConfigurationPlatforms) = preSolution
		Debug|Any CPU = Debug|Any CPU
		Debug|x64 = Debug|x64
		Debug|x86 = Debug|x86
		Release|Any CPU = Release|Any CPU
		Release|x64 = Release|x64
		Release|x86 = Release|x86
	EndGlobalSection
	GlobalSection(ProjectConfigurationPlatforms) = postSolution
		{12FB89A0-8374-4A28-B0FA-DF85060860AD}.Debug|Any CPU.ActiveCfg = Debug|Any CPU
		{12FB89A0-8374-4A28-B0FA-DF85060860AD}.Debug|Any CPU.Build.0 = Debug|Any CPU
		{12FB89A0-8374-4A28-B0FA-DF85060860AD}.Debug|x64.ActiveCfg = Debug|Any CPU
		{12FB89A0-8374-4A28-B0FA-DF85060860AD}.Debug|x64.Build.0 = Debug|Any CPU
		{12FB89A0-8374-4A28-B0FA-DF85060860AD}.Debug|x86.ActiveCfg = Debug|Any CPU
		{12FB89A0-8374-4A28-B0FA-DF85060860AD}.Debug|x86.Build.0 = Debug|Any CPU
		{12FB89A0-8374-4A28-B0FA-DF85060860AD}.Release|Any CPU.ActiveCfg = Release|Any CPU
		{12FB89A0-8374-4A28-B0FA-DF85060860AD}.Release|Any CPU.Build.0 = Release|Any CPU
		{12FB89A0-8374-4A28-B0FA-DF85060860AD}.Release|x64.ActiveCfg = Release|Any CPU
		{12FB89A0-8374-4A28-B0FA-DF85060860AD}.Release|x64.Build.0 = Release|Any CPU
		{12FB89A0-8374-4A28-B0FA-DF85060860AD}.Release|x86.ActiveCfg = Release|Any CPU
		{12FB89A0-8374-4A28-B0FA-DF85060860AD}.Release|x86.Build.0 = Release|Any CPU
		{DC65E52C-5632-4D21-8E4D-9439AEE71FEE}.Debug|Any CPU.ActiveCfg = Debug|Any CPU
		{DC65E52C-5632-4D21-8E4D-9439AEE71FEE}.Debug|Any CPU.Build.0 = Debug|Any CPU
		{DC65E52C-5632-4D21-8E4D-9439AEE71FEE}.Debug|x64.ActiveCfg = Debug|Any CPU
		{DC65E52C-5632-4D21-8E4D-9439AEE71FEE}.Debug|x64.Build.0 = Debug|Any CPU
		{DC65E52C-5632-4D21-8E4D-9439AEE71FEE}.Debug|x86.ActiveCfg = Debug|Any CPU
		{DC65E52C-5632-4D21-8E4D-9439AEE71FEE}.Debug|x86.Build.0 = Debug|Any CPU
		{DC65E52C-5632-4D21-8E4D-9439AEE71FEE}.Release|Any CPU.ActiveCfg = Release|Any CPU
		{DC65E52C-5632-4D21-8E4D-9439AEE71FEE}.Release|Any CPU.Build.0 = Release|Any CPU
		{DC65E52C-5632-4D21-8E4D-9439AEE71FEE}.Release|x64.ActiveCfg = Release|Any CPU
		{DC65E52C-5632-4D21-8E4D-9439AEE71FEE}.Release|x64.Build.0 = Release|Any CPU
		{DC65E52C-5632-4D21-8E4D-9439AEE71FEE}.Release|x86.ActiveCfg = Release|Any CPU
		{DC65E52C-5632-4D21-8E4D-9439AEE71FEE}.Release|x86.Build.0 = Release|Any CPU
		{55F25426-4305-4E2B-8664-7A9C6F3D5FFE}.Debug|Any CPU.ActiveCfg = Debug|Any CPU
		{55F25426-4305-4E2B-8664-7A9C6F3D5FFE}.Debug|Any CPU.Build.0 = Debug|Any CPU
		{55F25426-4305-4E2B-8664-7A9C6F3D5FFE}.Debug|x64.ActiveCfg = Debug|Any CPU
		{55F25426-4305-4E2B-8664-7A9C6F3D5FFE}.Debug|x64.Build.0 = Debug|Any CPU
		{55F25426-4305-4E2B-8664-7A9C6F3D5FFE}.Debug|x86.ActiveCfg = Debug|Any CPU
		{55F25426-4305-4E2B-8664-7A9C6F3D5FFE}.Debug|x86.Build.0 = Debug|Any CPU
		{55F25426-4305-4E2B-8664-7A9C6F3D5FFE}.Release|Any CPU.ActiveCfg = Release|Any CPU
		{55F25426-4305-4E2B-8664-7A9C6F3D5FFE}.Release|Any CPU.Build.0 = Release|Any CPU
		{55F25426-4305-4E2B-8664-7A9C6F3D5FFE}.Release|x64.ActiveCfg = Release|Any CPU
		{55F25426-4305-4E2B-8664-7A9C6F3D5FFE}.Release|x64.Build.0 = Release|Any CPU
		{55F25426-4305-4E2B-8664-7A9C6F3D5FFE}.Release|x86.ActiveCfg = Release|Any CPU
		{55F25426-4305-4E2B-8664-7A9C6F3D5FFE}.Release|x86.Build.0 = Release|Any CPU
		{FBF88D78-8165-4F4C-9CD2-0873F4E6A54B}.Debug|Any CPU.ActiveCfg = Debug|Any CPU
		{FBF88D78-8165-4F4C-9CD2-0873F4E6A54B}.Debug|Any CPU.Build.0 = Debug|Any CPU
		{FBF88D78-8165-4F4C-9CD2-0873F4E6A54B}.Debug|x64.ActiveCfg = Debug|Any CPU
		{FBF88D78-8165-4F4C-9CD2-0873F4E6A54B}.Debug|x64.Build.0 = Debug|Any CPU
		{FBF88D78-8165-4F4C-9CD2-0873F4E6A54B}.Debug|x86.ActiveCfg = Debug|Any CPU
		{FBF88D78-8165-4F4C-9CD2-0873F4E6A54B}.Debug|x86.Build.0 = Debug|Any CPU
		{FBF88D78-8165-4F4C-9CD2-0873F4E6A54B}.Release|Any CPU.ActiveCfg = Release|Any CPU
		{FBF88D78-8165-4F4C-9CD2-0873F4E6A54B}.Release|Any CPU.Build.0 = Release|Any CPU
		{FBF88D78-8165-4F4C-9CD2-0873F4E6A54B}.Release|x64.ActiveCfg = Release|Any CPU
		{FBF88D78-8165-4F4C-9CD2-0873F4E6A54B}.Release|x64.Build.0 = Release|Any CPU
		{FBF88D78-8165-4F4C-9CD2-0873F4E6A54B}.Release|x86.ActiveCfg = Release|Any CPU
		{FBF88D78-8165-4F4C-9CD2-0873F4E6A54B}.Release|x86.Build.0 = Release|Any CPU
		{3B4E90DE-1671-4654-B4B8-A25B8CB00F24}.Debug|Any CPU.ActiveCfg = Debug|Any CPU
		{3B4E90DE-1671-4654-B4B8-A25B8CB00F24}.Debug|Any CPU.Build.0 = Debug|Any CPU
		{3B4E90DE-1671-4654-B4B8-A25B8CB00F24}.Debug|x64.ActiveCfg = Debug|Any CPU
		{3B4E90DE-1671-4654-B4B8-A25B8CB00F24}.Debug|x64.Build.0 = Debug|Any CPU
		{3B4E90DE-1671-4654-B4B8-A25B8CB00F24}.Debug|x86.ActiveCfg = Debug|Any CPU
		{3B4E90DE-1671-4654-B4B8-A25B8CB00F24}.Debug|x86.Build.0 = Debug|Any CPU
		{3B4E90DE-1671-4654-B4B8-A25B8CB00F24}.Release|Any CPU.ActiveCfg = Release|Any CPU
		{3B4E90DE-1671-4654-B4B8-A25B8CB00F24}.Release|Any CPU.Build.0 = Release|Any CPU
		{3B4E90DE-1671-4654-B4B8-A25B8CB00F24}.Release|x64.ActiveCfg = Release|Any CPU
		{3B4E90DE-1671-4654-B4B8-A25B8CB00F24}.Release|x64.Build.0 = Release|Any CPU
		{3B4E90DE-1671-4654-B4B8-A25B8CB00F24}.Release|x86.ActiveCfg = Release|Any CPU
		{3B4E90DE-1671-4654-B4B8-A25B8CB00F24}.Release|x86.Build.0 = Release|Any CPU
		{15123309-8695-4D44-857D-F9C6E44296B0}.Debug|Any CPU.ActiveCfg = Debug|Any CPU
		{15123309-8695-4D44-857D-F9C6E44296B0}.Debug|Any CPU.Build.0 = Debug|Any CPU
		{15123309-8695-4D44-857D-F9C6E44296B0}.Debug|x64.ActiveCfg = Debug|Any CPU
		{15123309-8695-4D44-857D-F9C6E44296B0}.Debug|x64.Build.0 = Debug|Any CPU
		{15123309-8695-4D44-857D-F9C6E44296B0}.Debug|x86.ActiveCfg = Debug|Any CPU
		{15123309-8695-4D44-857D-F9C6E44296B0}.Debug|x86.Build.0 = Debug|Any CPU
		{15123309-8695-4D44-857D-F9C6E44296B0}.Release|Any CPU.ActiveCfg = Release|Any CPU
		{15123309-8695-4D44-857D-F9C6E44296B0}.Release|Any CPU.Build.0 = Release|Any CPU
		{15123309-8695-4D44-857D-F9C6E44296B0}.Release|x64.ActiveCfg = Release|Any CPU
		{15123309-8695-4D44-857D-F9C6E44296B0}.Release|x64.Build.0 = Release|Any CPU
		{15123309-8695-4D44-857D-F9C6E44296B0}.Release|x86.ActiveCfg = Release|Any CPU
		{15123309-8695-4D44-857D-F9C6E44296B0}.Release|x86.Build.0 = Release|Any CPU
		{D9863530-C6F3-4479-AF94-A435C43AD066}.Debug|Any CPU.ActiveCfg = Debug|Any CPU
		{D9863530-C6F3-4479-AF94-A435C43AD066}.Debug|Any CPU.Build.0 = Debug|Any CPU
		{D9863530-C6F3-4479-AF94-A435C43AD066}.Debug|x64.ActiveCfg = Debug|Any CPU
		{D9863530-C6F3-4479-AF94-A435C43AD066}.Debug|x64.Build.0 = Debug|Any CPU
		{D9863530-C6F3-4479-AF94-A435C43AD066}.Debug|x86.ActiveCfg = Debug|Any CPU
		{D9863530-C6F3-4479-AF94-A435C43AD066}.Debug|x86.Build.0 = Debug|Any CPU
		{D9863530-C6F3-4479-AF94-A435C43AD066}.Release|Any CPU.ActiveCfg = Release|Any CPU
		{D9863530-C6F3-4479-AF94-A435C43AD066}.Release|Any CPU.Build.0 = Release|Any CPU
		{D9863530-C6F3-4479-AF94-A435C43AD066}.Release|x64.ActiveCfg = Release|Any CPU
		{D9863530-C6F3-4479-AF94-A435C43AD066}.Release|x64.Build.0 = Release|Any CPU
		{D9863530-C6F3-4479-AF94-A435C43AD066}.Release|x86.ActiveCfg = Release|Any CPU
		{D9863530-C6F3-4479-AF94-A435C43AD066}.Release|x86.Build.0 = Release|Any CPU
		{364909BB-18CE-45DA-B4C8-60DF98FCBFC9}.Debug|Any CPU.ActiveCfg = Debug|Any CPU
		{364909BB-18CE-45DA-B4C8-60DF98FCBFC9}.Debug|Any CPU.Build.0 = Debug|Any CPU
		{364909BB-18CE-45DA-B4C8-60DF98FCBFC9}.Debug|x64.ActiveCfg = Debug|Any CPU
		{364909BB-18CE-45DA-B4C8-60DF98FCBFC9}.Debug|x64.Build.0 = Debug|Any CPU
		{364909BB-18CE-45DA-B4C8-60DF98FCBFC9}.Debug|x86.ActiveCfg = Debug|Any CPU
		{364909BB-18CE-45DA-B4C8-60DF98FCBFC9}.Debug|x86.Build.0 = Debug|Any CPU
		{364909BB-18CE-45DA-B4C8-60DF98FCBFC9}.Release|Any CPU.ActiveCfg = Release|Any CPU
		{364909BB-18CE-45DA-B4C8-60DF98FCBFC9}.Release|Any CPU.Build.0 = Release|Any CPU
		{364909BB-18CE-45DA-B4C8-60DF98FCBFC9}.Release|x64.ActiveCfg = Release|Any CPU
		{364909BB-18CE-45DA-B4C8-60DF98FCBFC9}.Release|x64.Build.0 = Release|Any CPU
		{364909BB-18CE-45DA-B4C8-60DF98FCBFC9}.Release|x86.ActiveCfg = Release|Any CPU
		{364909BB-18CE-45DA-B4C8-60DF98FCBFC9}.Release|x86.Build.0 = Release|Any CPU
		{2E826BDF-4186-4725-9380-9AD18E4BB5F8}.Debug|Any CPU.ActiveCfg = Debug|Any CPU
		{2E826BDF-4186-4725-9380-9AD18E4BB5F8}.Debug|Any CPU.Build.0 = Debug|Any CPU
		{2E826BDF-4186-4725-9380-9AD18E4BB5F8}.Debug|x64.ActiveCfg = Debug|Any CPU
		{2E826BDF-4186-4725-9380-9AD18E4BB5F8}.Debug|x64.Build.0 = Debug|Any CPU
		{2E826BDF-4186-4725-9380-9AD18E4BB5F8}.Debug|x86.ActiveCfg = Debug|Any CPU
		{2E826BDF-4186-4725-9380-9AD18E4BB5F8}.Debug|x86.Build.0 = Debug|Any CPU
		{2E826BDF-4186-4725-9380-9AD18E4BB5F8}.Release|Any CPU.ActiveCfg = Release|Any CPU
		{2E826BDF-4186-4725-9380-9AD18E4BB5F8}.Release|Any CPU.Build.0 = Release|Any CPU
		{2E826BDF-4186-4725-9380-9AD18E4BB5F8}.Release|x64.ActiveCfg = Release|Any CPU
		{2E826BDF-4186-4725-9380-9AD18E4BB5F8}.Release|x64.Build.0 = Release|Any CPU
		{2E826BDF-4186-4725-9380-9AD18E4BB5F8}.Release|x86.ActiveCfg = Release|Any CPU
		{2E826BDF-4186-4725-9380-9AD18E4BB5F8}.Release|x86.Build.0 = Release|Any CPU
		{AFB28B07-2FBE-4C6C-809C-1FC51AA18905}.Debug|Any CPU.ActiveCfg = Debug|Any CPU
		{AFB28B07-2FBE-4C6C-809C-1FC51AA18905}.Debug|Any CPU.Build.0 = Debug|Any CPU
		{AFB28B07-2FBE-4C6C-809C-1FC51AA18905}.Debug|x64.ActiveCfg = Debug|Any CPU
		{AFB28B07-2FBE-4C6C-809C-1FC51AA18905}.Debug|x64.Build.0 = Debug|Any CPU
		{AFB28B07-2FBE-4C6C-809C-1FC51AA18905}.Debug|x86.ActiveCfg = Debug|Any CPU
		{AFB28B07-2FBE-4C6C-809C-1FC51AA18905}.Debug|x86.Build.0 = Debug|Any CPU
		{AFB28B07-2FBE-4C6C-809C-1FC51AA18905}.Release|Any CPU.ActiveCfg = Release|Any CPU
		{AFB28B07-2FBE-4C6C-809C-1FC51AA18905}.Release|Any CPU.Build.0 = Release|Any CPU
		{AFB28B07-2FBE-4C6C-809C-1FC51AA18905}.Release|x64.ActiveCfg = Release|Any CPU
		{AFB28B07-2FBE-4C6C-809C-1FC51AA18905}.Release|x64.Build.0 = Release|Any CPU
		{AFB28B07-2FBE-4C6C-809C-1FC51AA18905}.Release|x86.ActiveCfg = Release|Any CPU
		{AFB28B07-2FBE-4C6C-809C-1FC51AA18905}.Release|x86.Build.0 = Release|Any CPU
		{AD05527B-B52D-41C9-A5A8-983516AAC84E}.Debug|Any CPU.ActiveCfg = Debug|Any CPU
		{AD05527B-B52D-41C9-A5A8-983516AAC84E}.Debug|Any CPU.Build.0 = Debug|Any CPU
		{AD05527B-B52D-41C9-A5A8-983516AAC84E}.Debug|x64.ActiveCfg = Debug|Any CPU
		{AD05527B-B52D-41C9-A5A8-983516AAC84E}.Debug|x64.Build.0 = Debug|Any CPU
		{AD05527B-B52D-41C9-A5A8-983516AAC84E}.Debug|x86.ActiveCfg = Debug|Any CPU
		{AD05527B-B52D-41C9-A5A8-983516AAC84E}.Debug|x86.Build.0 = Debug|Any CPU
		{AD05527B-B52D-41C9-A5A8-983516AAC84E}.Release|Any CPU.ActiveCfg = Release|Any CPU
		{AD05527B-B52D-41C9-A5A8-983516AAC84E}.Release|Any CPU.Build.0 = Release|Any CPU
		{AD05527B-B52D-41C9-A5A8-983516AAC84E}.Release|x64.ActiveCfg = Release|Any CPU
		{AD05527B-B52D-41C9-A5A8-983516AAC84E}.Release|x64.Build.0 = Release|Any CPU
		{AD05527B-B52D-41C9-A5A8-983516AAC84E}.Release|x86.ActiveCfg = Release|Any CPU
		{AD05527B-B52D-41C9-A5A8-983516AAC84E}.Release|x86.Build.0 = Release|Any CPU
		{4B533356-058A-48BB-ACFF-4873677B87A3}.Debug|Any CPU.ActiveCfg = Debug|Any CPU
		{4B533356-058A-48BB-ACFF-4873677B87A3}.Debug|Any CPU.Build.0 = Debug|Any CPU
		{4B533356-058A-48BB-ACFF-4873677B87A3}.Debug|x64.ActiveCfg = Debug|Any CPU
		{4B533356-058A-48BB-ACFF-4873677B87A3}.Debug|x64.Build.0 = Debug|Any CPU
		{4B533356-058A-48BB-ACFF-4873677B87A3}.Debug|x86.ActiveCfg = Debug|Any CPU
		{4B533356-058A-48BB-ACFF-4873677B87A3}.Debug|x86.Build.0 = Debug|Any CPU
		{4B533356-058A-48BB-ACFF-4873677B87A3}.Release|Any CPU.ActiveCfg = Release|Any CPU
		{4B533356-058A-48BB-ACFF-4873677B87A3}.Release|Any CPU.Build.0 = Release|Any CPU
		{4B533356-058A-48BB-ACFF-4873677B87A3}.Release|x64.ActiveCfg = Release|Any CPU
		{4B533356-058A-48BB-ACFF-4873677B87A3}.Release|x64.Build.0 = Release|Any CPU
		{4B533356-058A-48BB-ACFF-4873677B87A3}.Release|x86.ActiveCfg = Release|Any CPU
		{4B533356-058A-48BB-ACFF-4873677B87A3}.Release|x86.Build.0 = Release|Any CPU
		{B0C68605-FDDE-46AA-8621-EEC4BD96967B}.Debug|Any CPU.ActiveCfg = Debug|Any CPU
		{B0C68605-FDDE-46AA-8621-EEC4BD96967B}.Debug|Any CPU.Build.0 = Debug|Any CPU
		{B0C68605-FDDE-46AA-8621-EEC4BD96967B}.Debug|x64.ActiveCfg = Debug|Any CPU
		{B0C68605-FDDE-46AA-8621-EEC4BD96967B}.Debug|x64.Build.0 = Debug|Any CPU
		{B0C68605-FDDE-46AA-8621-EEC4BD96967B}.Debug|x86.ActiveCfg = Debug|Any CPU
		{B0C68605-FDDE-46AA-8621-EEC4BD96967B}.Debug|x86.Build.0 = Debug|Any CPU
		{B0C68605-FDDE-46AA-8621-EEC4BD96967B}.Release|Any CPU.ActiveCfg = Release|Any CPU
		{B0C68605-FDDE-46AA-8621-EEC4BD96967B}.Release|Any CPU.Build.0 = Release|Any CPU
		{B0C68605-FDDE-46AA-8621-EEC4BD96967B}.Release|x64.ActiveCfg = Release|Any CPU
		{B0C68605-FDDE-46AA-8621-EEC4BD96967B}.Release|x64.Build.0 = Release|Any CPU
		{B0C68605-FDDE-46AA-8621-EEC4BD96967B}.Release|x86.ActiveCfg = Release|Any CPU
		{B0C68605-FDDE-46AA-8621-EEC4BD96967B}.Release|x86.Build.0 = Release|Any CPU
		{0A32D255-4377-4427-8571-A88D451048BB}.Debug|Any CPU.ActiveCfg = Debug|Any CPU
		{0A32D255-4377-4427-8571-A88D451048BB}.Debug|Any CPU.Build.0 = Debug|Any CPU
		{0A32D255-4377-4427-8571-A88D451048BB}.Debug|x64.ActiveCfg = Debug|Any CPU
		{0A32D255-4377-4427-8571-A88D451048BB}.Debug|x64.Build.0 = Debug|Any CPU
		{0A32D255-4377-4427-8571-A88D451048BB}.Debug|x86.ActiveCfg = Debug|Any CPU
		{0A32D255-4377-4427-8571-A88D451048BB}.Debug|x86.Build.0 = Debug|Any CPU
		{0A32D255-4377-4427-8571-A88D451048BB}.Release|Any CPU.ActiveCfg = Release|Any CPU
		{0A32D255-4377-4427-8571-A88D451048BB}.Release|Any CPU.Build.0 = Release|Any CPU
		{0A32D255-4377-4427-8571-A88D451048BB}.Release|x64.ActiveCfg = Release|Any CPU
		{0A32D255-4377-4427-8571-A88D451048BB}.Release|x64.Build.0 = Release|Any CPU
		{0A32D255-4377-4427-8571-A88D451048BB}.Release|x86.ActiveCfg = Release|Any CPU
		{0A32D255-4377-4427-8571-A88D451048BB}.Release|x86.Build.0 = Release|Any CPU
		{6D7024D4-F698-4C90-98FE-A3E609D7014F}.Debug|Any CPU.ActiveCfg = Debug|x86
		{6D7024D4-F698-4C90-98FE-A3E609D7014F}.Debug|x64.ActiveCfg = Debug|x64
		{6D7024D4-F698-4C90-98FE-A3E609D7014F}.Debug|x64.Build.0 = Debug|x64
		{6D7024D4-F698-4C90-98FE-A3E609D7014F}.Debug|x86.ActiveCfg = Debug|x86
		{6D7024D4-F698-4C90-98FE-A3E609D7014F}.Debug|x86.Build.0 = Debug|x86
		{6D7024D4-F698-4C90-98FE-A3E609D7014F}.Release|Any CPU.ActiveCfg = Release|x86
		{6D7024D4-F698-4C90-98FE-A3E609D7014F}.Release|x64.ActiveCfg = Release|x64
		{6D7024D4-F698-4C90-98FE-A3E609D7014F}.Release|x64.Build.0 = Release|x64
		{6D7024D4-F698-4C90-98FE-A3E609D7014F}.Release|x86.ActiveCfg = Release|x86
		{6D7024D4-F698-4C90-98FE-A3E609D7014F}.Release|x86.Build.0 = Release|x86
		{84717A14-9BF0-4BA5-9EA7-2232EEE3C794}.Debug|Any CPU.ActiveCfg = Debug|Any CPU
		{84717A14-9BF0-4BA5-9EA7-2232EEE3C794}.Debug|Any CPU.Build.0 = Debug|Any CPU
		{84717A14-9BF0-4BA5-9EA7-2232EEE3C794}.Debug|x64.ActiveCfg = Debug|Any CPU
		{84717A14-9BF0-4BA5-9EA7-2232EEE3C794}.Debug|x64.Build.0 = Debug|Any CPU
		{84717A14-9BF0-4BA5-9EA7-2232EEE3C794}.Debug|x86.ActiveCfg = Debug|Any CPU
		{84717A14-9BF0-4BA5-9EA7-2232EEE3C794}.Debug|x86.Build.0 = Debug|Any CPU
		{84717A14-9BF0-4BA5-9EA7-2232EEE3C794}.Release|Any CPU.ActiveCfg = Release|Any CPU
		{84717A14-9BF0-4BA5-9EA7-2232EEE3C794}.Release|Any CPU.Build.0 = Release|Any CPU
		{84717A14-9BF0-4BA5-9EA7-2232EEE3C794}.Release|x64.ActiveCfg = Release|Any CPU
		{84717A14-9BF0-4BA5-9EA7-2232EEE3C794}.Release|x64.Build.0 = Release|Any CPU
		{84717A14-9BF0-4BA5-9EA7-2232EEE3C794}.Release|x86.ActiveCfg = Release|Any CPU
		{84717A14-9BF0-4BA5-9EA7-2232EEE3C794}.Release|x86.Build.0 = Release|Any CPU
		{DA74A075-D143-43FE-A977-EDDBD3741F26}.Debug|Any CPU.ActiveCfg = Debug|Any CPU
		{DA74A075-D143-43FE-A977-EDDBD3741F26}.Debug|Any CPU.Build.0 = Debug|Any CPU
		{DA74A075-D143-43FE-A977-EDDBD3741F26}.Debug|x64.ActiveCfg = Debug|Any CPU
		{DA74A075-D143-43FE-A977-EDDBD3741F26}.Debug|x64.Build.0 = Debug|Any CPU
		{DA74A075-D143-43FE-A977-EDDBD3741F26}.Debug|x86.ActiveCfg = Debug|Any CPU
		{DA74A075-D143-43FE-A977-EDDBD3741F26}.Debug|x86.Build.0 = Debug|Any CPU
		{DA74A075-D143-43FE-A977-EDDBD3741F26}.Release|Any CPU.ActiveCfg = Release|Any CPU
		{DA74A075-D143-43FE-A977-EDDBD3741F26}.Release|Any CPU.Build.0 = Release|Any CPU
		{DA74A075-D143-43FE-A977-EDDBD3741F26}.Release|x64.ActiveCfg = Release|Any CPU
		{DA74A075-D143-43FE-A977-EDDBD3741F26}.Release|x64.Build.0 = Release|Any CPU
		{DA74A075-D143-43FE-A977-EDDBD3741F26}.Release|x86.ActiveCfg = Release|Any CPU
		{DA74A075-D143-43FE-A977-EDDBD3741F26}.Release|x86.Build.0 = Release|Any CPU
		{B5738CC1-8AD1-4744-B6F0-7D292A0918F5}.Debug|Any CPU.ActiveCfg = Debug|Any CPU
		{B5738CC1-8AD1-4744-B6F0-7D292A0918F5}.Debug|Any CPU.Build.0 = Debug|Any CPU
		{B5738CC1-8AD1-4744-B6F0-7D292A0918F5}.Debug|x64.ActiveCfg = Debug|Any CPU
		{B5738CC1-8AD1-4744-B6F0-7D292A0918F5}.Debug|x64.Build.0 = Debug|Any CPU
		{B5738CC1-8AD1-4744-B6F0-7D292A0918F5}.Debug|x86.ActiveCfg = Debug|Any CPU
		{B5738CC1-8AD1-4744-B6F0-7D292A0918F5}.Debug|x86.Build.0 = Debug|Any CPU
		{B5738CC1-8AD1-4744-B6F0-7D292A0918F5}.Release|Any CPU.ActiveCfg = Release|Any CPU
		{B5738CC1-8AD1-4744-B6F0-7D292A0918F5}.Release|Any CPU.Build.0 = Release|Any CPU
		{B5738CC1-8AD1-4744-B6F0-7D292A0918F5}.Release|x64.ActiveCfg = Release|Any CPU
		{B5738CC1-8AD1-4744-B6F0-7D292A0918F5}.Release|x64.Build.0 = Release|Any CPU
		{B5738CC1-8AD1-4744-B6F0-7D292A0918F5}.Release|x86.ActiveCfg = Release|Any CPU
		{B5738CC1-8AD1-4744-B6F0-7D292A0918F5}.Release|x86.Build.0 = Release|Any CPU
		{F41FA968-E867-4681-87A6-08F1D6F395E8}.Debug|Any CPU.ActiveCfg = Debug|Any CPU
		{F41FA968-E867-4681-87A6-08F1D6F395E8}.Debug|Any CPU.Build.0 = Debug|Any CPU
		{F41FA968-E867-4681-87A6-08F1D6F395E8}.Debug|x64.ActiveCfg = Debug|Any CPU
		{F41FA968-E867-4681-87A6-08F1D6F395E8}.Debug|x64.Build.0 = Debug|Any CPU
		{F41FA968-E867-4681-87A6-08F1D6F395E8}.Debug|x86.ActiveCfg = Debug|Any CPU
		{F41FA968-E867-4681-87A6-08F1D6F395E8}.Debug|x86.Build.0 = Debug|Any CPU
		{F41FA968-E867-4681-87A6-08F1D6F395E8}.Release|Any CPU.ActiveCfg = Release|Any CPU
		{F41FA968-E867-4681-87A6-08F1D6F395E8}.Release|Any CPU.Build.0 = Release|Any CPU
		{F41FA968-E867-4681-87A6-08F1D6F395E8}.Release|x64.ActiveCfg = Release|Any CPU
		{F41FA968-E867-4681-87A6-08F1D6F395E8}.Release|x64.Build.0 = Release|Any CPU
		{F41FA968-E867-4681-87A6-08F1D6F395E8}.Release|x86.ActiveCfg = Release|Any CPU
		{F41FA968-E867-4681-87A6-08F1D6F395E8}.Release|x86.Build.0 = Release|Any CPU
		{20065C3D-F98E-4234-B835-19BD67DC60D9}.Debug|Any CPU.ActiveCfg = Debug|Any CPU
		{20065C3D-F98E-4234-B835-19BD67DC60D9}.Debug|Any CPU.Build.0 = Debug|Any CPU
		{20065C3D-F98E-4234-B835-19BD67DC60D9}.Debug|x64.ActiveCfg = Debug|Any CPU
		{20065C3D-F98E-4234-B835-19BD67DC60D9}.Debug|x64.Build.0 = Debug|Any CPU
		{20065C3D-F98E-4234-B835-19BD67DC60D9}.Debug|x86.ActiveCfg = Debug|Any CPU
		{20065C3D-F98E-4234-B835-19BD67DC60D9}.Debug|x86.Build.0 = Debug|Any CPU
		{20065C3D-F98E-4234-B835-19BD67DC60D9}.Release|Any CPU.ActiveCfg = Release|Any CPU
		{20065C3D-F98E-4234-B835-19BD67DC60D9}.Release|Any CPU.Build.0 = Release|Any CPU
		{20065C3D-F98E-4234-B835-19BD67DC60D9}.Release|x64.ActiveCfg = Release|Any CPU
		{20065C3D-F98E-4234-B835-19BD67DC60D9}.Release|x64.Build.0 = Release|Any CPU
		{20065C3D-F98E-4234-B835-19BD67DC60D9}.Release|x86.ActiveCfg = Release|Any CPU
		{20065C3D-F98E-4234-B835-19BD67DC60D9}.Release|x86.Build.0 = Release|Any CPU
		{90FF7DA3-1C19-42E8-A576-FF0FF8CCFF83}.Debug|Any CPU.ActiveCfg = Debug|Any CPU
		{90FF7DA3-1C19-42E8-A576-FF0FF8CCFF83}.Debug|Any CPU.Build.0 = Debug|Any CPU
		{90FF7DA3-1C19-42E8-A576-FF0FF8CCFF83}.Debug|x64.ActiveCfg = Debug|Any CPU
		{90FF7DA3-1C19-42E8-A576-FF0FF8CCFF83}.Debug|x64.Build.0 = Debug|Any CPU
		{90FF7DA3-1C19-42E8-A576-FF0FF8CCFF83}.Debug|x86.ActiveCfg = Debug|Any CPU
		{90FF7DA3-1C19-42E8-A576-FF0FF8CCFF83}.Debug|x86.Build.0 = Debug|Any CPU
		{90FF7DA3-1C19-42E8-A576-FF0FF8CCFF83}.Release|Any CPU.ActiveCfg = Release|Any CPU
		{90FF7DA3-1C19-42E8-A576-FF0FF8CCFF83}.Release|Any CPU.Build.0 = Release|Any CPU
		{90FF7DA3-1C19-42E8-A576-FF0FF8CCFF83}.Release|x64.ActiveCfg = Release|Any CPU
		{90FF7DA3-1C19-42E8-A576-FF0FF8CCFF83}.Release|x64.Build.0 = Release|Any CPU
		{90FF7DA3-1C19-42E8-A576-FF0FF8CCFF83}.Release|x86.ActiveCfg = Release|Any CPU
		{90FF7DA3-1C19-42E8-A576-FF0FF8CCFF83}.Release|x86.Build.0 = Release|Any CPU
		{1B794F2B-ECBD-4E65-8E38-8396F5A68368}.Debug|Any CPU.ActiveCfg = Debug|Any CPU
		{1B794F2B-ECBD-4E65-8E38-8396F5A68368}.Debug|Any CPU.Build.0 = Debug|Any CPU
		{1B794F2B-ECBD-4E65-8E38-8396F5A68368}.Debug|x64.ActiveCfg = Debug|Any CPU
		{1B794F2B-ECBD-4E65-8E38-8396F5A68368}.Debug|x64.Build.0 = Debug|Any CPU
		{1B794F2B-ECBD-4E65-8E38-8396F5A68368}.Debug|x86.ActiveCfg = Debug|Any CPU
		{1B794F2B-ECBD-4E65-8E38-8396F5A68368}.Debug|x86.Build.0 = Debug|Any CPU
		{1B794F2B-ECBD-4E65-8E38-8396F5A68368}.Release|Any CPU.ActiveCfg = Release|Any CPU
		{1B794F2B-ECBD-4E65-8E38-8396F5A68368}.Release|Any CPU.Build.0 = Release|Any CPU
		{1B794F2B-ECBD-4E65-8E38-8396F5A68368}.Release|x64.ActiveCfg = Release|Any CPU
		{1B794F2B-ECBD-4E65-8E38-8396F5A68368}.Release|x64.Build.0 = Release|Any CPU
		{1B794F2B-ECBD-4E65-8E38-8396F5A68368}.Release|x86.ActiveCfg = Release|Any CPU
		{1B794F2B-ECBD-4E65-8E38-8396F5A68368}.Release|x86.Build.0 = Release|Any CPU
		{A27AD446-A9D9-42F2-B731-E7EFCC7A5CD1}.Debug|Any CPU.ActiveCfg = Debug|Any CPU
		{A27AD446-A9D9-42F2-B731-E7EFCC7A5CD1}.Debug|Any CPU.Build.0 = Debug|Any CPU
		{A27AD446-A9D9-42F2-B731-E7EFCC7A5CD1}.Debug|x64.ActiveCfg = Debug|Any CPU
		{A27AD446-A9D9-42F2-B731-E7EFCC7A5CD1}.Debug|x64.Build.0 = Debug|Any CPU
		{A27AD446-A9D9-42F2-B731-E7EFCC7A5CD1}.Debug|x86.ActiveCfg = Debug|Any CPU
		{A27AD446-A9D9-42F2-B731-E7EFCC7A5CD1}.Debug|x86.Build.0 = Debug|Any CPU
		{A27AD446-A9D9-42F2-B731-E7EFCC7A5CD1}.Release|Any CPU.ActiveCfg = Release|Any CPU
		{A27AD446-A9D9-42F2-B731-E7EFCC7A5CD1}.Release|Any CPU.Build.0 = Release|Any CPU
		{A27AD446-A9D9-42F2-B731-E7EFCC7A5CD1}.Release|x64.ActiveCfg = Release|Any CPU
		{A27AD446-A9D9-42F2-B731-E7EFCC7A5CD1}.Release|x64.Build.0 = Release|Any CPU
		{A27AD446-A9D9-42F2-B731-E7EFCC7A5CD1}.Release|x86.ActiveCfg = Release|Any CPU
		{A27AD446-A9D9-42F2-B731-E7EFCC7A5CD1}.Release|x86.Build.0 = Release|Any CPU
	EndGlobalSection
	GlobalSection(SolutionProperties) = preSolution
		HideSolutionNode = FALSE
	EndGlobalSection
	GlobalSection(NestedProjects) = preSolution
		{55F25426-4305-4E2B-8664-7A9C6F3D5FFE} = {E13D01DB-9ADA-4C08-BD35-BE0D1D071896}
		{FBF88D78-8165-4F4C-9CD2-0873F4E6A54B} = {E13D01DB-9ADA-4C08-BD35-BE0D1D071896}
		{3B4E90DE-1671-4654-B4B8-A25B8CB00F24} = {E13D01DB-9ADA-4C08-BD35-BE0D1D071896}
		{D9863530-C6F3-4479-AF94-A435C43AD066} = {E13D01DB-9ADA-4C08-BD35-BE0D1D071896}
		{364909BB-18CE-45DA-B4C8-60DF98FCBFC9} = {E13D01DB-9ADA-4C08-BD35-BE0D1D071896}
		{2E826BDF-4186-4725-9380-9AD18E4BB5F8} = {E13D01DB-9ADA-4C08-BD35-BE0D1D071896}
		{AFB28B07-2FBE-4C6C-809C-1FC51AA18905} = {E13D01DB-9ADA-4C08-BD35-BE0D1D071896}
		{AD05527B-B52D-41C9-A5A8-983516AAC84E} = {E13D01DB-9ADA-4C08-BD35-BE0D1D071896}
		{4B533356-058A-48BB-ACFF-4873677B87A3} = {E13D01DB-9ADA-4C08-BD35-BE0D1D071896}
		{B0C68605-FDDE-46AA-8621-EEC4BD96967B} = {E13D01DB-9ADA-4C08-BD35-BE0D1D071896}
		{0A32D255-4377-4427-8571-A88D451048BB} = {B0AC74E9-CFE3-43F5-A798-E851FAF21B83}
		{B5738CC1-8AD1-4744-B6F0-7D292A0918F5} = {E13D01DB-9ADA-4C08-BD35-BE0D1D071896}
		{F41FA968-E867-4681-87A6-08F1D6F395E8} = {E13D01DB-9ADA-4C08-BD35-BE0D1D071896}
		{20065C3D-F98E-4234-B835-19BD67DC60D9} = {B0AC74E9-CFE3-43F5-A798-E851FAF21B83}
		{1B794F2B-ECBD-4E65-8E38-8396F5A68368} = {E13D01DB-9ADA-4C08-BD35-BE0D1D071896}
		{A27AD446-A9D9-42F2-B731-E7EFCC7A5CD1} = {E13D01DB-9ADA-4C08-BD35-BE0D1D071896}
	EndGlobalSection
	GlobalSection(ExtensibilityGlobals) = postSolution
		SolutionGuid = {991DF8DB-0844-4CCB-B0FE-97C38EAC223C}
	EndGlobalSection
EndGlobal
